// !$*UTF8*$!
{
	archiveVersion = 1;
	classes = {
	};
	objectVersion = 46;
	objects = {

/* Begin PBXBuildFile section */
		91B6AE1F1E060F17006D2566 /* CalculatorBrain.swift in Sources */ = {isa = PBXBuildFile; fileRef = 91B6AE1E1E060F17006D2566 /* CalculatorBrain.swift */; };
		91E0B05B1E00F89F00F46A0E /* AppDelegate.swift in Sources */ = {isa = PBXBuildFile; fileRef = 91E0B05A1E00F89F00F46A0E /* AppDelegate.swift */; };
		91E0B05D1E00F89F00F46A0E /* ViewController.swift in Sources */ = {isa = PBXBuildFile; fileRef = 91E0B05C1E00F89F00F46A0E /* ViewController.swift */; };
		91E0B0601E00F89F00F46A0E /* Main.storyboard in Resources */ = {isa = PBXBuildFile; fileRef = 91E0B05E1E00F89F00F46A0E /* Main.storyboard */; };
		91E0B0621E00F89F00F46A0E /* Assets.xcassets in Resources */ = {isa = PBXBuildFile; fileRef = 91E0B0611E00F89F00F46A0E /* Assets.xcassets */; };
		91E0B0651E00F89F00F46A0E /* LaunchScreen.storyboard in Resources */ = {isa = PBXBuildFile; fileRef = 91E0B0631E00F89F00F46A0E /* LaunchScreen.storyboard */; };
/* End PBXBuildFile section */

/* Begin PBXFileReference section */
		91B6AE1E1E060F17006D2566 /* CalculatorBrain.swift */ = {isa = PBXFileReference; fileEncoding = 4; lastKnownFileType = sourcecode.swift; path = CalculatorBrain.swift; sourceTree = "<group>"; };
		91E0B0571E00F89F00F46A0E /* Calculator.app */ = {isa = PBXFileReference; explicitFileType = wrapper.application; includeInIndex = 0; path = Calculator.app; sourceTree = BUILT_PRODUCTS_DIR; };
		91E0B05A1E00F89F00F46A0E /* AppDelegate.swift */ = {isa = PBXFileReference; lastKnownFileType = sourcecode.swift; path = AppDelegate.swift; sourceTree = "<group>"; };
		91E0B05C1E00F89F00F46A0E /* ViewController.swift */ = {isa = PBXFileReference; lastKnownFileType = sourcecode.swift; path = ViewController.swift; sourceTree = "<group>"; };
		91E0B05F1E00F89F00F46A0E /* Base */ = {isa = PBXFileReference; lastKnownFileType = file.storyboard; name = Base; path = Base.lproj/Main.storyboard; sourceTree = "<group>"; };
		91E0B0611E00F89F00F46A0E /* Assets.xcassets */ = {isa = PBXFileReference; lastKnownFileType = folder.assetcatalog; path = Assets.xcassets; sourceTree = "<group>"; };
		91E0B0641E00F89F00F46A0E /* Base */ = {isa = PBXFileReference; lastKnownFileType = file.storyboard; name = Base; path = Base.lproj/LaunchScreen.storyboard; sourceTree = "<group>"; };
		91E0B0661E00F89F00F46A0E /* Info.plist */ = {isa = PBXFileReference; lastKnownFileType = text.plist.xml; path = Info.plist; sourceTree = "<group>"; };
/* End PBXFileReference section */

/* Begin PBXFrameworksBuildPhase section */
		91E0B0541E00F89F00F46A0E /* Frameworks */ = {
			isa = PBXFrameworksBuildPhase;
			buildActionMask = 2147483647;
			files = (
			);
			runOnlyForDeploymentPostprocessing = 0;
		};
/* End PBXFrameworksBuildPhase section */

/* Begin PBXGroup section */
		91E0B04E1E00F89F00F46A0E = {
			isa = PBXGroup;
			children = (
				91E0B0591E00F89F00F46A0E /* Calculator */,
				91E0B0581E00F89F00F46A0E /* Products */,
			);
			sourceTree = "<group>";
		};
		91E0B0581E00F89F00F46A0E /* Products */ = {
			isa = PBXGroup;
			children = (
				91E0B0571E00F89F00F46A0E /* Calculator.app */,
			);
			name = Products;
			sourceTree = "<group>";
		};
		91E0B0591E00F89F00F46A0E /* Calculator */ = {
			isa = PBXGroup;
			children = (
				91E0B06C1E00FE6800F46A0E /* Supporting Files */,
				91E0B05C1E00F89F00F46A0E /* ViewController.swift */,
				91E0B05E1E00F89F00F46A0E /* Main.storyboard */,
				91B6AE1E1E060F17006D2566 /* CalculatorBrain.swift */,
			);
			path = Calculator;
			sourceTree = "<group>";
		};
		91E0B06C1E00FE6800F46A0E /* Supporting Files */ = {
			isa = PBXGroup;
			children = (
				91E0B05A1E00F89F00F46A0E /* AppDelegate.swift */,
				91E0B0611E00F89F00F46A0E /* Assets.xcassets */,
				91E0B0631E00F89F00F46A0E /* LaunchScreen.storyboard */,
				91E0B0661E00F89F00F46A0E /* Info.plist */,
			);
			name = "Supporting Files";
			sourceTree = "<group>";
		};
/* End PBXGroup section */

/* Begin PBXNativeTarget section */
		91E0B0561E00F89F00F46A0E /* Calculator */ = {
			isa = PBXNativeTarget;
			buildConfigurationList = 91E0B0691E00F89F00F46A0E /* Build configuration list for PBXNativeTarget "Calculator" */;
			buildPhases = (
				91E0B0531E00F89F00F46A0E /* Sources */,
				91E0B0541E00F89F00F46A0E /* Frameworks */,
				91E0B0551E00F89F00F46A0E /* Resources */,
			);
			buildRules = (
			);
			dependencies = (
			);
			name = Calculator;
			productName = Calculator;
			productReference = 91E0B0571E00F89F00F46A0E /* Calculator.app */;
			productType = "com.apple.product-type.application";
		};
/* End PBXNativeTarget section */

/* Begin PBXProject section */
		91E0B04F1E00F89F00F46A0E /* Project object */ = {
			isa = PBXProject;
			attributes = {
				LastSwiftUpdateCheck = 0730;
				LastUpgradeCheck = 0730;
				ORGANIZATIONNAME = DanBamboo;
				TargetAttributes = {
					91E0B0561E00F89F00F46A0E = {
						CreatedOnToolsVersion = 7.3.1;
						DevelopmentTeam = YF2RT764M7;
					};
				};
			};
			buildConfigurationList = 91E0B0521E00F89F00F46A0E /* Build configuration list for PBXProject "Calculator" */;
			compatibilityVersion = "Xcode 3.2";
			developmentRegion = English;
			hasScannedForEncodings = 0;
			knownRegions = (
				en,
				Base,
			);
			mainGroup = 91E0B04E1E00F89F00F46A0E;
			productRefGroup = 91E0B0581E00F89F00F46A0E /* Products */;
			projectDirPath = "";
			projectRoot = "";
			targets = (
				91E0B0561E00F89F00F46A0E /* Calculator */,
			);
		};
/* End PBXProject section */

/* Begin PBXResourcesBuildPhase section */
		91E0B0551E00F89F00F46A0E /* Resources */ = {
			isa = PBXResourcesBuildPhase;
			buildActionMask = 2147483647;
			files = (
				91E0B0651E00F89F00F46A0E /* LaunchScreen.storyboard in Resources */,
				91E0B0621E00F89F00F46A0E /* Assets.xcassets in Resources */,
				91E0B0601E00F89F00F46A0E /* Main.storyboard in Resources */,
			);
			runOnlyForDeploymentPostprocessing = 0;
		};
/* End PBXResourcesBuildPhase section */

/* Begin PBXSourcesBuildPhase section */
		91E0B0531E00F89F00F46A0E /* Sources */ = {
			isa = PBXSourcesBuildPhase;
			buildActionMask = 2147483647;
			files = (
				91B6AE1F1E060F17006D2566 /* CalculatorBrain.swift in Sources */,
				91E0B05D1E00F89F00F46A0E /* ViewController.swift in Sources */,
				91E0B05B1E00F89F00F46A0E /* AppDelegate.swift in Sources */,
			);
			runOnlyForDeploymentPostprocessing = 0;
		};
/* End PBXSourcesBuildPhase section */

/* Begin PBXVariantGroup section */
		91E0B05E1E00F89F00F46A0E /* Main.storyboard */ = {
			isa = PBXVariantGroup;
			children = (
				91E0B05F1E00F89F00F46A0E /* Base */,
			);
			name = Main.storyboard;
			sourceTree = "<group>";
		};
		91E0B0631E00F89F00F46A0E /* LaunchScreen.storyboard */ = {
			isa = PBXVariantGroup;
			children = (
				91E0B0641E00F89F00F46A0E /* Base */,
			);
			name = LaunchScreen.storyboard;
			sourceTree = "<group>";
		};
/* End PBXVariantGroup section */

/* Begin XCBuildConfiguration section */
		91E0B0671E00F89F00F46A0E /* Debug */ = {
			isa = XCBuildConfiguration;
			buildSettings = {
				ALWAYS_SEARCH_USER_PATHS = NO;
				CLANG_ANALYZER_NONNULL = YES;
				CLANG_CXX_LANGUAGE_STANDARD = "gnu++0x";
				CLANG_CXX_LIBRARY = "libc++";
				CLANG_ENABLE_MODULES = YES;
				CLANG_ENABLE_OBJC_ARC = YES;
				CLANG_WARN_BOOL_CONVERSION = YES;
				CLANG_WARN_CONSTANT_CONVERSION = YES;
				CLANG_WARN_DIRECT_OBJC_ISA_USAGE = YES_ERROR;
				CLANG_WARN_EMPTY_BODY = YES;
				CLANG_WARN_ENUM_CONVERSION = YES;
				CLANG_WARN_INT_CONVERSION = YES;
				CLANG_WARN_OBJC_ROOT_CLASS = YES_ERROR;
				CLANG_WARN_UNREACHABLE_CODE = YES;
				CLANG_WARN__DUPLICATE_METHOD_MATCH = YES;
				"CODE_SIGN_IDENTITY[sdk=iphoneos*]" = "iPhone Developer";
				COPY_PHASE_STRIP = NO;
				DEBUG_INFORMATION_FORMAT = dwarf;
				ENABLE_STRICT_OBJC_MSGSEND = YES;
				ENABLE_TESTABILITY = YES;
				GCC_C_LANGUAGE_STANDARD = gnu99;
				GCC_DYNAMIC_NO_PIC = NO;
				GCC_NO_COMMON_BLOCKS = YES;
				GCC_OPTIMIZATION_LEVEL = 0;
				GCC_PREPROCESSOR_DEFINITIONS = (
					"DEBUG=1",
					"$(inherited)",
				);
				GCC_WARN_64_TO_32_BIT_CONVERSION = YES;
				GCC_WARN_ABOUT_RETURN_TYPE = YES_ERROR;
				GCC_WARN_UNDECLARED_SELECTOR = YES;
				GCC_WARN_UNINITIALIZED_AUTOS = YES_AGGRESSIVE;
				GCC_WARN_UNUSED_FUNCTION = YES;
				GCC_WARN_UNUSED_VARIABLE = YES;
				IPHONEOS_DEPLOYMENT_TARGET = 9.3;
				MTL_ENABLE_DEBUG_INFO = YES;
				ONLY_ACTIVE_ARCH = YES;
				SDKROOT = iphoneos;
				SWIFT_OPTIMIZATION_LEVEL = "-Onone";
				TARGETED_DEVICE_FAMILY = "1,2";
			};
			name = Debug;
		};
		91E0B0681E00F89F00F46A0E /* Release */ = {
			isa = XCBuildConfiguration;
			buildSettings = {
				ALWAYS_SEARCH_USER_PATHS = NO;
				CLANG_ANALYZER_NONNULL = YES;
				CLANG_CXX_LANGUAGE_STANDARD = "gnu++0x";
				CLANG_CXX_LIBRARY = "libc++";
				CLANG_ENABLE_MODULES = YES;
				CLANG_ENABLE_OBJC_ARC = YES;
				CLANG_WARN_BOOL_CONVERSION = YES;
				CLANG_WARN_CONSTANT_CONVERSION = YES;
				CLANG_WARN_DIRECT_OBJC_ISA_USAGE = YES_ERROR;
				CLANG_WARN_EMPTY_BODY = YES;
				CLANG_WARN_ENUM_CONVERSION = YES;
				CLANG_WARN_INT_CONVERSION = YES;
				CLANG_WARN_OBJC_ROOT_CLASS = YES_ERROR;
				CLANG_WARN_UNREACHABLE_CODE = YES;
				CLANG_WARN__DUPLICATE_METHOD_MATCH = YES;
				"CODE_SIGN_IDENTITY[sdk=iphoneos*]" = "iPhone Developer";
				COPY_PHASE_STRIP = NO;
				DEBUG_INFORMATION_FORMAT = "dwarf-with-dsym";
				ENABLE_NS_ASSERTIONS = NO;
				ENABLE_STRICT_OBJC_MSGSEND = YES;
				GCC_C_LANGUAGE_STANDARD = gnu99;
				GCC_NO_COMMON_BLOCKS = YES;
				GCC_WARN_64_TO_32_BIT_CONVERSION = YES;
				GCC_WARN_ABOUT_RETURN_TYPE = YES_ERROR;
				GCC_WARN_UNDECLARED_SELECTOR = YES;
				GCC_WARN_UNINITIALIZED_AUTOS = YES_AGGRESSIVE;
				GCC_WARN_UNUSED_FUNCTION = YES;
				GCC_WARN_UNUSED_VARIABLE = YES;
				IPHONEOS_DEPLOYMENT_TARGET = 9.3;
				MTL_ENABLE_DEBUG_INFO = NO;
				SDKROOT = iphoneos;
				TARGETED_DEVICE_FAMILY = "1,2";
				VALIDATE_PRODUCT = YES;
			};
			name = Release;
		};
		91E0B06A1E00F89F00F46A0E /* Debug */ = {
			isa = XCBuildConfiguration;
			buildSettings = {
				ASSETCATALOG_COMPILER_APPICON_NAME = AppIcon;
				CODE_SIGN_IDENTITY = "iPhone Developer: mcmurroughdan@yahoo.com (CRX7JN3DZR)";
				"CODE_SIGN_IDENTITY[sdk=iphoneos*]" = "iPhone Developer";
				INFOPLIST_FILE = Calculator/Info.plist;
				IPHONEOS_DEPLOYMENT_TARGET = 8.4;
				LD_RUNPATH_SEARCH_PATHS = "$(inherited) @executable_path/Frameworks";
				PRODUCT_BUNDLE_IDENTIFIER = com.DanBamboo.Calculator;
				PRODUCT_NAME = "$(TARGET_NAME)";
				PROVISIONING_PROFILE = "";
				TARGETED_DEVICE_FAMILY = "1,2";
			};
			name = Debug;
		};
		91E0B06B1E00F89F00F46A0E /* Release */ = {
			isa = XCBuildConfiguration;
			buildSettings = {
				ASSETCATALOG_COMPILER_APPICON_NAME = AppIcon;
				CODE_SIGN_IDENTITY = "iPhone Developer: mcmurroughdan@yahoo.com (CRX7JN3DZR)";
				"CODE_SIGN_IDENTITY[sdk=iphoneos*]" = "iPhone Developer";
				INFOPLIST_FILE = Calculator/Info.plist;
				IPHONEOS_DEPLOYMENT_TARGET = 8.4;
				LD_RUNPATH_SEARCH_PATHS = "$(inherited) @executable_path/Frameworks";
				PRODUCT_BUNDLE_IDENTIFIER = com.DanBamboo.Calculator;
				PRODUCT_NAME = "$(TARGET_NAME)";
				PROVISIONING_PROFILE = "";
				TARGETED_DEVICE_FAMILY = "1,2";
			};
			name = Release;
		};
/* End XCBuildConfiguration section */

/* Begin XCConfigurationList section */
		91E0B0521E00F89F00F46A0E /* Build configuration list for PBXProject "Calculator" */ = {
			isa = XCConfigurationList;
			buildConfigurations = (
				91E0B0671E00F89F00F46A0E /* Debug */,
				91E0B0681E00F89F00F46A0E /* Release */,
			);
			defaultConfigurationIsVisible = 0;
			defaultConfigurationName = Release;
		};
		91E0B0691E00F89F00F46A0E /* Build configuration list for PBXNativeTarget "Calculator" */ = {
			isa = XCConfigurationList;
			buildConfigurations = (
				91E0B06A1E00F89F00F46A0E /* Debug */,
				91E0B06B1E00F89F00F46A0E /* Release */,
			);
			defaultConfigurationIsVisible = 0;
			defaultConfigurationName = Release;
		};
/* End XCConfigurationList section */
	};
	rootObject = 91E0B04F1E00F89F00F46A0E /* Project object */;
}
